// !$*UTF8*$!
{
	archiveVersion = 1;
	classes = {
	};
	objectVersion = 56;
	objects = {

/* Begin PBXBuildFile section */
		A3149AD72B5F519F00287E1B /* WordHarvestApp.swift in Sources */ = {isa = PBXBuildFile; fileRef = A3149AD62B5F519F00287E1B /* WordHarvestApp.swift */; };
		A3149AD92B5F519F00287E1B /* ContentView.swift in Sources */ = {isa = PBXBuildFile; fileRef = A3149AD82B5F519F00287E1B /* ContentView.swift */; };
		A3149ADB2B5F51A200287E1B /* Assets.xcassets in Resources */ = {isa = PBXBuildFile; fileRef = A3149ADA2B5F51A200287E1B /* Assets.xcassets */; };
		A3149ADE2B5F51A200287E1B /* Preview Assets.xcassets in Resources */ = {isa = PBXBuildFile; fileRef = A3149ADD2B5F51A200287E1B /* Preview Assets.xcassets */; };
		A3149AE62B5F554A00287E1B /* Words.swift in Sources */ = {isa = PBXBuildFile; fileRef = A3149AE52B5F554A00287E1B /* Words.swift */; };
		A3149AE92B5F56E200287E1B /* AddWordView.swift in Sources */ = {isa = PBXBuildFile; fileRef = A3149AE82B5F56E200287E1B /* AddWordView.swift */; };
		A3149AEC2B5F57CB00287E1B /* BaseView.swift in Sources */ = {isa = PBXBuildFile; fileRef = A3149AEB2B5F57CB00287E1B /* BaseView.swift */; };
		A3149AEF2B5F63E000287E1B /* HomeView.swift in Sources */ = {isa = PBXBuildFile; fileRef = A3149AEE2B5F63E000287E1B /* HomeView.swift */; };
		A3149AF22B5F643F00287E1B /* router.swift in Sources */ = {isa = PBXBuildFile; fileRef = A3149AF12B5F643F00287E1B /* router.swift */; };
		A3149AF52B5F6EAF00287E1B /* DictionaryAPI.swift in Sources */ = {isa = PBXBuildFile; fileRef = A3149AF42B5F6EAF00287E1B /* DictionaryAPI.swift */; };
		A35BF6372B60B28D00F72EB0 /* Sounds.swift in Sources */ = {isa = PBXBuildFile; fileRef = A35BF6362B60B28D00F72EB0 /* Sounds.swift */; };
		A35BF63A2B60D72200F72EB0 /* GlossaryView.swift in Sources */ = {isa = PBXBuildFile; fileRef = A35BF6392B60D72200F72EB0 /* GlossaryView.swift */; };
		A35BF63C2B61DBFF00F72EB0 /* AddBookView.swift in Sources */ = {isa = PBXBuildFile; fileRef = A35BF63B2B61DBFF00F72EB0 /* AddBookView.swift */; };
		A35BF6402B61DF9A00F72EB0 /* SampleWords.swift in Sources */ = {isa = PBXBuildFile; fileRef = A35BF63F2B61DF9A00F72EB0 /* SampleWords.swift */; };
		A35BF6422B61E3D000F72EB0 /* PlayButton.swift in Sources */ = {isa = PBXBuildFile; fileRef = A35BF6412B61E3D000F72EB0 /* PlayButton.swift */; };
		A35BF6442B61F95400F72EB0 /* Books.swift in Sources */ = {isa = PBXBuildFile; fileRef = A35BF6432B61F95400F72EB0 /* Books.swift */; };
		A35BF6462B62033C00F72EB0 /* SampleBooks.swift in Sources */ = {isa = PBXBuildFile; fileRef = A35BF6452B62033C00F72EB0 /* SampleBooks.swift */; };
		A35BF6482B623F1200F72EB0 /* AddQuoteView.swift in Sources */ = {isa = PBXBuildFile; fileRef = A35BF6472B623F1200F72EB0 /* AddQuoteView.swift */; };
		A35BF6642B64585000F72EB0 /* TextSheet.swift in Sources */ = {isa = PBXBuildFile; fileRef = A35BF6632B64585000F72EB0 /* TextSheet.swift */; };
		A37119312B64E68D003AA496 /* FormatQuote.swift in Sources */ = {isa = PBXBuildFile; fileRef = A37119302B64E68D003AA496 /* FormatQuote.swift */; };
/* End PBXBuildFile section */

/* Begin PBXFileReference section */
		A3149AD32B5F519F00287E1B /* WordHarvest.app */ = {isa = PBXFileReference; explicitFileType = wrapper.application; includeInIndex = 0; path = WordHarvest.app; sourceTree = BUILT_PRODUCTS_DIR; };
		A3149AD62B5F519F00287E1B /* WordHarvestApp.swift */ = {isa = PBXFileReference; lastKnownFileType = sourcecode.swift; path = WordHarvestApp.swift; sourceTree = "<group>"; };
		A3149AD82B5F519F00287E1B /* ContentView.swift */ = {isa = PBXFileReference; lastKnownFileType = sourcecode.swift; path = ContentView.swift; sourceTree = "<group>"; };
		A3149ADA2B5F51A200287E1B /* Assets.xcassets */ = {isa = PBXFileReference; lastKnownFileType = folder.assetcatalog; path = Assets.xcassets; sourceTree = "<group>"; };
		A3149ADD2B5F51A200287E1B /* Preview Assets.xcassets */ = {isa = PBXFileReference; lastKnownFileType = folder.assetcatalog; path = "Preview Assets.xcassets"; sourceTree = "<group>"; };
		A3149AE52B5F554A00287E1B /* Words.swift */ = {isa = PBXFileReference; lastKnownFileType = sourcecode.swift; path = Words.swift; sourceTree = "<group>"; };
		A3149AE82B5F56E200287E1B /* AddWordView.swift */ = {isa = PBXFileReference; lastKnownFileType = sourcecode.swift; path = AddWordView.swift; sourceTree = "<group>"; };
		A3149AEB2B5F57CB00287E1B /* BaseView.swift */ = {isa = PBXFileReference; lastKnownFileType = sourcecode.swift; path = BaseView.swift; sourceTree = "<group>"; };
		A3149AEE2B5F63E000287E1B /* HomeView.swift */ = {isa = PBXFileReference; lastKnownFileType = sourcecode.swift; path = HomeView.swift; sourceTree = "<group>"; };
		A3149AF12B5F643F00287E1B /* router.swift */ = {isa = PBXFileReference; lastKnownFileType = sourcecode.swift; path = router.swift; sourceTree = "<group>"; };
		A3149AF42B5F6EAF00287E1B /* DictionaryAPI.swift */ = {isa = PBXFileReference; lastKnownFileType = sourcecode.swift; path = DictionaryAPI.swift; sourceTree = "<group>"; };
		A35BF6362B60B28D00F72EB0 /* Sounds.swift */ = {isa = PBXFileReference; lastKnownFileType = sourcecode.swift; path = Sounds.swift; sourceTree = "<group>"; };
		A35BF6392B60D72200F72EB0 /* GlossaryView.swift */ = {isa = PBXFileReference; lastKnownFileType = sourcecode.swift; path = GlossaryView.swift; sourceTree = "<group>"; };
		A35BF63B2B61DBFF00F72EB0 /* AddBookView.swift */ = {isa = PBXFileReference; lastKnownFileType = sourcecode.swift; path = AddBookView.swift; sourceTree = "<group>"; };
		A35BF63F2B61DF9A00F72EB0 /* SampleWords.swift */ = {isa = PBXFileReference; lastKnownFileType = sourcecode.swift; path = SampleWords.swift; sourceTree = "<group>"; };
		A35BF6412B61E3D000F72EB0 /* PlayButton.swift */ = {isa = PBXFileReference; lastKnownFileType = sourcecode.swift; path = PlayButton.swift; sourceTree = "<group>"; };
		A35BF6432B61F95400F72EB0 /* Books.swift */ = {isa = PBXFileReference; lastKnownFileType = sourcecode.swift; path = Books.swift; sourceTree = "<group>"; };
		A35BF6452B62033C00F72EB0 /* SampleBooks.swift */ = {isa = PBXFileReference; lastKnownFileType = sourcecode.swift; path = SampleBooks.swift; sourceTree = "<group>"; };
		A35BF6472B623F1200F72EB0 /* AddQuoteView.swift */ = {isa = PBXFileReference; lastKnownFileType = sourcecode.swift; path = AddQuoteView.swift; sourceTree = "<group>"; };
		A35BF6632B64585000F72EB0 /* TextSheet.swift */ = {isa = PBXFileReference; lastKnownFileType = sourcecode.swift; path = TextSheet.swift; sourceTree = "<group>"; };
		A37119302B64E68D003AA496 /* FormatQuote.swift */ = {isa = PBXFileReference; lastKnownFileType = sourcecode.swift; path = FormatQuote.swift; sourceTree = "<group>"; };
/* End PBXFileReference section */

/* Begin PBXFrameworksBuildPhase section */
		A3149AD02B5F519F00287E1B /* Frameworks */ = {
			isa = PBXFrameworksBuildPhase;
			buildActionMask = 2147483647;
			files = (
			);
			runOnlyForDeploymentPostprocessing = 0;
		};
/* End PBXFrameworksBuildPhase section */

/* Begin PBXGroup section */
		A3149ACA2B5F519F00287E1B = {
			isa = PBXGroup;
			children = (
				A3149AD52B5F519F00287E1B /* WordHarvest */,
				A3149AD42B5F519F00287E1B /* Products */,
			);
			sourceTree = "<group>";
		};
		A3149AD42B5F519F00287E1B /* Products */ = {
			isa = PBXGroup;
			children = (
				A3149AD32B5F519F00287E1B /* WordHarvest.app */,
			);
			name = Products;
			sourceTree = "<group>";
		};
		A3149AD52B5F519F00287E1B /* WordHarvest */ = {
			isa = PBXGroup;
			children = (
				A3149AD62B5F519F00287E1B /* WordHarvestApp.swift */,
				A3149AD82B5F519F00287E1B /* ContentView.swift */,
				A3149AE42B5F552F00287E1B /* Data */,
				A3149ADA2B5F51A200287E1B /* Assets.xcassets */,
				A35BF6352B60B28200F72EB0 /* Util */,
				A3149AF32B5F6EA100287E1B /* Network */,
				A3149AF02B5F643300287E1B /* Router */,
				A3149AEA2B5F57AA00287E1B /* Components */,
				A3149AE72B5F56C200287E1B /* Views */,
				A3149ADC2B5F51A200287E1B /* Preview Content */,
			);
			path = WordHarvest;
			sourceTree = "<group>";
		};
		A3149ADC2B5F51A200287E1B /* Preview Content */ = {
			isa = PBXGroup;
			children = (
				A3149ADD2B5F51A200287E1B /* Preview Assets.xcassets */,
			);
			path = "Preview Content";
			sourceTree = "<group>";
		};
		A3149AE42B5F552F00287E1B /* Data */ = {
			isa = PBXGroup;
			children = (
				A35BF63E2B61DF8300F72EB0 /* SampleData */,
				A35BF63D2B61DF7700F72EB0 /* SwiftData */,
			);
			path = Data;
			sourceTree = "<group>";
		};
		A3149AE72B5F56C200287E1B /* Views */ = {
			isa = PBXGroup;
			children = (
				A3149AE82B5F56E200287E1B /* AddWordView.swift */,
				A35BF6472B623F1200F72EB0 /* AddQuoteView.swift */,
				A3149AEE2B5F63E000287E1B /* HomeView.swift */,
				A35BF6392B60D72200F72EB0 /* GlossaryView.swift */,
				A35BF63B2B61DBFF00F72EB0 /* AddBookView.swift */,
			);
			path = Views;
			sourceTree = "<group>";
		};
		A3149AEA2B5F57AA00287E1B /* Components */ = {
			isa = PBXGroup;
			children = (
				A3149AED2B5F581000287E1B /* Styles */,
				A35BF6412B61E3D000F72EB0 /* PlayButton.swift */,
				A35BF6632B64585000F72EB0 /* TextSheet.swift */,
			);
			path = Components;
			sourceTree = "<group>";
		};
		A3149AED2B5F581000287E1B /* Styles */ = {
			isa = PBXGroup;
			children = (
				A3149AEB2B5F57CB00287E1B /* BaseView.swift */,
			);
			path = Styles;
			sourceTree = "<group>";
		};
		A3149AF02B5F643300287E1B /* Router */ = {
			isa = PBXGroup;
			children = (
				A3149AF12B5F643F00287E1B /* router.swift */,
			);
			path = Router;
			sourceTree = "<group>";
		};
		A3149AF32B5F6EA100287E1B /* Network */ = {
			isa = PBXGroup;
			children = (
				A3149AF42B5F6EAF00287E1B /* DictionaryAPI.swift */,
			);
			path = Network;
			sourceTree = "<group>";
		};
		A35BF6352B60B28200F72EB0 /* Util */ = {
			isa = PBXGroup;
			children = (
				A35BF6362B60B28D00F72EB0 /* Sounds.swift */,
				A37119302B64E68D003AA496 /* FormatQuote.swift */,
			);
			path = Util;
			sourceTree = "<group>";
		};
		A35BF63D2B61DF7700F72EB0 /* SwiftData */ = {
			isa = PBXGroup;
			children = (
				A3149AE52B5F554A00287E1B /* Words.swift */,
				A35BF6432B61F95400F72EB0 /* Books.swift */,
			);
			path = SwiftData;
			sourceTree = "<group>";
		};
		A35BF63E2B61DF8300F72EB0 /* SampleData */ = {
			isa = PBXGroup;
			children = (
				A35BF63F2B61DF9A00F72EB0 /* SampleWords.swift */,
				A35BF6452B62033C00F72EB0 /* SampleBooks.swift */,
			);
			path = SampleData;
			sourceTree = "<group>";
		};
/* End PBXGroup section */

/* Begin PBXNativeTarget section */
		A3149AD22B5F519F00287E1B /* WordHarvest */ = {
			isa = PBXNativeTarget;
			buildConfigurationList = A3149AE12B5F51A200287E1B /* Build configuration list for PBXNativeTarget "WordHarvest" */;
			buildPhases = (
				A3149ACF2B5F519F00287E1B /* Sources */,
				A3149AD02B5F519F00287E1B /* Frameworks */,
				A3149AD12B5F519F00287E1B /* Resources */,
			);
			buildRules = (
			);
			dependencies = (
			);
			name = WordHarvest;
			productName = WordHarvest;
			productReference = A3149AD32B5F519F00287E1B /* WordHarvest.app */;
			productType = "com.apple.product-type.application";
		};
/* End PBXNativeTarget section */

/* Begin PBXProject section */
		A3149ACB2B5F519F00287E1B /* Project object */ = {
			isa = PBXProject;
			attributes = {
				BuildIndependentTargetsInParallel = 1;
				LastSwiftUpdateCheck = 1510;
				LastUpgradeCheck = 1510;
				TargetAttributes = {
					A3149AD22B5F519F00287E1B = {
						CreatedOnToolsVersion = 15.1;
					};
				};
			};
			buildConfigurationList = A3149ACE2B5F519F00287E1B /* Build configuration list for PBXProject "WordHarvest" */;
			compatibilityVersion = "Xcode 14.0";
			developmentRegion = en;
			hasScannedForEncodings = 0;
			knownRegions = (
				en,
				Base,
			);
			mainGroup = A3149ACA2B5F519F00287E1B;
			productRefGroup = A3149AD42B5F519F00287E1B /* Products */;
			projectDirPath = "";
			projectRoot = "";
			targets = (
				A3149AD22B5F519F00287E1B /* WordHarvest */,
			);
		};
/* End PBXProject section */

/* Begin PBXResourcesBuildPhase section */
		A3149AD12B5F519F00287E1B /* Resources */ = {
			isa = PBXResourcesBuildPhase;
			buildActionMask = 2147483647;
			files = (
				A3149ADE2B5F51A200287E1B /* Preview Assets.xcassets in Resources */,
				A3149ADB2B5F51A200287E1B /* Assets.xcassets in Resources */,
			);
			runOnlyForDeploymentPostprocessing = 0;
		};
/* End PBXResourcesBuildPhase section */

/* Begin PBXSourcesBuildPhase section */
		A3149ACF2B5F519F00287E1B /* Sources */ = {
			isa = PBXSourcesBuildPhase;
			buildActionMask = 2147483647;
			files = (
				A3149AE92B5F56E200287E1B /* AddWordView.swift in Sources */,
				A3149AE62B5F554A00287E1B /* Words.swift in Sources */,
				A3149AEC2B5F57CB00287E1B /* BaseView.swift in Sources */,
				A3149AEF2B5F63E000287E1B /* HomeView.swift in Sources */,
				A3149AF22B5F643F00287E1B /* router.swift in Sources */,
				A35BF6402B61DF9A00F72EB0 /* SampleWords.swift in Sources */,
				A35BF6422B61E3D000F72EB0 /* PlayButton.swift in Sources */,
				A37119312B64E68D003AA496 /* FormatQuote.swift in Sources */,
				A35BF6462B62033C00F72EB0 /* SampleBooks.swift in Sources */,
				A3149AD92B5F519F00287E1B /* ContentView.swift in Sources */,
				A35BF6372B60B28D00F72EB0 /* Sounds.swift in Sources */,
				A35BF63A2B60D72200F72EB0 /* GlossaryView.swift in Sources */,
				A35BF6642B64585000F72EB0 /* TextSheet.swift in Sources */,
				A35BF6442B61F95400F72EB0 /* Books.swift in Sources */,
				A3149AF52B5F6EAF00287E1B /* DictionaryAPI.swift in Sources */,
				A35BF63C2B61DBFF00F72EB0 /* AddBookView.swift in Sources */,
				A3149AD72B5F519F00287E1B /* WordHarvestApp.swift in Sources */,
				A35BF6482B623F1200F72EB0 /* AddQuoteView.swift in Sources */,
			);
			runOnlyForDeploymentPostprocessing = 0;
		};
/* End PBXSourcesBuildPhase section */

/* Begin XCBuildConfiguration section */
		A3149ADF2B5F51A200287E1B /* Debug */ = {
			isa = XCBuildConfiguration;
			buildSettings = {
				ALWAYS_SEARCH_USER_PATHS = NO;
				ASSETCATALOG_COMPILER_GENERATE_SWIFT_ASSET_SYMBOL_EXTENSIONS = YES;
				CLANG_ANALYZER_NONNULL = YES;
				CLANG_ANALYZER_NUMBER_OBJECT_CONVERSION = YES_AGGRESSIVE;
				CLANG_CXX_LANGUAGE_STANDARD = "gnu++20";
				CLANG_ENABLE_MODULES = YES;
				CLANG_ENABLE_OBJC_ARC = YES;
				CLANG_ENABLE_OBJC_WEAK = YES;
				CLANG_WARN_BLOCK_CAPTURE_AUTORELEASING = YES;
				CLANG_WARN_BOOL_CONVERSION = YES;
				CLANG_WARN_COMMA = YES;
				CLANG_WARN_CONSTANT_CONVERSION = YES;
				CLANG_WARN_DEPRECATED_OBJC_IMPLEMENTATIONS = YES;
				CLANG_WARN_DIRECT_OBJC_ISA_USAGE = YES_ERROR;
				CLANG_WARN_DOCUMENTATION_COMMENTS = YES;
				CLANG_WARN_EMPTY_BODY = YES;
				CLANG_WARN_ENUM_CONVERSION = YES;
				CLANG_WARN_INFINITE_RECURSION = YES;
				CLANG_WARN_INT_CONVERSION = YES;
				CLANG_WARN_NON_LITERAL_NULL_CONVERSION = YES;
				CLANG_WARN_OBJC_IMPLICIT_RETAIN_SELF = YES;
				CLANG_WARN_OBJC_LITERAL_CONVERSION = YES;
				CLANG_WARN_OBJC_ROOT_CLASS = YES_ERROR;
				CLANG_WARN_QUOTED_INCLUDE_IN_FRAMEWORK_HEADER = YES;
				CLANG_WARN_RANGE_LOOP_ANALYSIS = YES;
				CLANG_WARN_STRICT_PROTOTYPES = YES;
				CLANG_WARN_SUSPICIOUS_MOVE = YES;
				CLANG_WARN_UNGUARDED_AVAILABILITY = YES_AGGRESSIVE;
				CLANG_WARN_UNREACHABLE_CODE = YES;
				CLANG_WARN__DUPLICATE_METHOD_MATCH = YES;
				COPY_PHASE_STRIP = NO;
				DEBUG_INFORMATION_FORMAT = dwarf;
				ENABLE_STRICT_OBJC_MSGSEND = YES;
				ENABLE_TESTABILITY = YES;
				ENABLE_USER_SCRIPT_SANDBOXING = YES;
				GCC_C_LANGUAGE_STANDARD = gnu17;
				GCC_DYNAMIC_NO_PIC = NO;
				GCC_NO_COMMON_BLOCKS = YES;
				GCC_OPTIMIZATION_LEVEL = 0;
				GCC_PREPROCESSOR_DEFINITIONS = (
					"DEBUG=1",
					"$(inherited)",
				);
				GCC_WARN_64_TO_32_BIT_CONVERSION = YES;
				GCC_WARN_ABOUT_RETURN_TYPE = YES_ERROR;
				GCC_WARN_UNDECLARED_SELECTOR = YES;
				GCC_WARN_UNINITIALIZED_AUTOS = YES_AGGRESSIVE;
				GCC_WARN_UNUSED_FUNCTION = YES;
				GCC_WARN_UNUSED_VARIABLE = YES;
				IPHONEOS_DEPLOYMENT_TARGET = 17.2;
				LOCALIZATION_PREFERS_STRING_CATALOGS = YES;
				MTL_ENABLE_DEBUG_INFO = INCLUDE_SOURCE;
				MTL_FAST_MATH = YES;
				ONLY_ACTIVE_ARCH = YES;
				SDKROOT = iphoneos;
				SWIFT_ACTIVE_COMPILATION_CONDITIONS = "DEBUG $(inherited)";
				SWIFT_OPTIMIZATION_LEVEL = "-Onone";
			};
			name = Debug;
		};
		A3149AE02B5F51A200287E1B /* Release */ = {
			isa = XCBuildConfiguration;
			buildSettings = {
				ALWAYS_SEARCH_USER_PATHS = NO;
				ASSETCATALOG_COMPILER_GENERATE_SWIFT_ASSET_SYMBOL_EXTENSIONS = YES;
				CLANG_ANALYZER_NONNULL = YES;
				CLANG_ANALYZER_NUMBER_OBJECT_CONVERSION = YES_AGGRESSIVE;
				CLANG_CXX_LANGUAGE_STANDARD = "gnu++20";
				CLANG_ENABLE_MODULES = YES;
				CLANG_ENABLE_OBJC_ARC = YES;
				CLANG_ENABLE_OBJC_WEAK = YES;
				CLANG_WARN_BLOCK_CAPTURE_AUTORELEASING = YES;
				CLANG_WARN_BOOL_CONVERSION = YES;
				CLANG_WARN_COMMA = YES;
				CLANG_WARN_CONSTANT_CONVERSION = YES;
				CLANG_WARN_DEPRECATED_OBJC_IMPLEMENTATIONS = YES;
				CLANG_WARN_DIRECT_OBJC_ISA_USAGE = YES_ERROR;
				CLANG_WARN_DOCUMENTATION_COMMENTS = YES;
				CLANG_WARN_EMPTY_BODY = YES;
				CLANG_WARN_ENUM_CONVERSION = YES;
				CLANG_WARN_INFINITE_RECURSION = YES;
				CLANG_WARN_INT_CONVERSION = YES;
				CLANG_WARN_NON_LITERAL_NULL_CONVERSION = YES;
				CLANG_WARN_OBJC_IMPLICIT_RETAIN_SELF = YES;
				CLANG_WARN_OBJC_LITERAL_CONVERSION = YES;
				CLANG_WARN_OBJC_ROOT_CLASS = YES_ERROR;
				CLANG_WARN_QUOTED_INCLUDE_IN_FRAMEWORK_HEADER = YES;
				CLANG_WARN_RANGE_LOOP_ANALYSIS = YES;
				CLANG_WARN_STRICT_PROTOTYPES = YES;
				CLANG_WARN_SUSPICIOUS_MOVE = YES;
				CLANG_WARN_UNGUARDED_AVAILABILITY = YES_AGGRESSIVE;
				CLANG_WARN_UNREACHABLE_CODE = YES;
				CLANG_WARN__DUPLICATE_METHOD_MATCH = YES;
				COPY_PHASE_STRIP = NO;
				DEBUG_INFORMATION_FORMAT = "dwarf-with-dsym";
				ENABLE_NS_ASSERTIONS = NO;
				ENABLE_STRICT_OBJC_MSGSEND = YES;
				ENABLE_USER_SCRIPT_SANDBOXING = YES;
				GCC_C_LANGUAGE_STANDARD = gnu17;
				GCC_NO_COMMON_BLOCKS = YES;
				GCC_WARN_64_TO_32_BIT_CONVERSION = YES;
				GCC_WARN_ABOUT_RETURN_TYPE = YES_ERROR;
				GCC_WARN_UNDECLARED_SELECTOR = YES;
				GCC_WARN_UNINITIALIZED_AUTOS = YES_AGGRESSIVE;
				GCC_WARN_UNUSED_FUNCTION = YES;
				GCC_WARN_UNUSED_VARIABLE = YES;
				IPHONEOS_DEPLOYMENT_TARGET = 17.2;
				LOCALIZATION_PREFERS_STRING_CATALOGS = YES;
				MTL_ENABLE_DEBUG_INFO = NO;
				MTL_FAST_MATH = YES;
				SDKROOT = iphoneos;
				SWIFT_COMPILATION_MODE = wholemodule;
				VALIDATE_PRODUCT = YES;
			};
			name = Release;
		};
		A3149AE22B5F51A200287E1B /* Debug */ = {
			isa = XCBuildConfiguration;
			buildSettings = {
				ASSETCATALOG_COMPILER_APPICON_NAME = AppIcon;
				ASSETCATALOG_COMPILER_GLOBAL_ACCENT_COLOR_NAME = AccentColor;
				CODE_SIGN_STYLE = Automatic;
				CURRENT_PROJECT_VERSION = 1;
				DEVELOPMENT_ASSET_PATHS = "\"WordHarvest/Preview Content\"";
				DEVELOPMENT_TEAM = 2SP84636VM;
				ENABLE_PREVIEWS = YES;
				GENERATE_INFOPLIST_FILE = YES;
				INFOPLIST_KEY_UIApplicationSceneManifest_Generation = YES;
				INFOPLIST_KEY_UIApplicationSupportsIndirectInputEvents = YES;
				INFOPLIST_KEY_UILaunchScreen_Generation = YES;
				INFOPLIST_KEY_UISupportedInterfaceOrientations_iPad = "UIInterfaceOrientationPortrait UIInterfaceOrientationPortraitUpsideDown UIInterfaceOrientationLandscapeLeft UIInterfaceOrientationLandscapeRight";
				INFOPLIST_KEY_UISupportedInterfaceOrientations_iPhone = "UIInterfaceOrientationPortrait UIInterfaceOrientationLandscapeLeft UIInterfaceOrientationLandscapeRight";
				LD_RUNPATH_SEARCH_PATHS = (
					"$(inherited)",
					"@executable_path/Frameworks",
				);
				MARKETING_VERSION = 1.0;
				PRODUCT_BUNDLE_IDENTIFIER = com.amarixdev.WordHarvest;
				PRODUCT_NAME = "$(TARGET_NAME)";
				SWIFT_EMIT_LOC_STRINGS = YES;
				SWIFT_VERSION = 5.0;
				TARGETED_DEVICE_FAMILY = "1,2";
			};
			name = Debug;
		};
		A3149AE32B5F51A200287E1B /* Release */ = {
			isa = XCBuildConfiguration;
			buildSettings = {
				ASSETCATALOG_COMPILER_APPICON_NAME = AppIcon;
				ASSETCATALOG_COMPILER_GLOBAL_ACCENT_COLOR_NAME = AccentColor;
				CODE_SIGN_STYLE = Automatic;
				CURRENT_PROJECT_VERSION = 1;
				DEVELOPMENT_ASSET_PATHS = "\"WordHarvest/Preview Content\"";
				DEVELOPMENT_TEAM = 2SP84636VM;
				ENABLE_PREVIEWS = YES;
				GENERATE_INFOPLIST_FILE = YES;
				INFOPLIST_KEY_UIApplicationSceneManifest_Generation = YES;
				INFOPLIST_KEY_UIApplicationSupportsIndirectInputEvents = YES;
				INFOPLIST_KEY_UILaunchScreen_Generation = YES;
				INFOPLIST_KEY_UISupportedInterfaceOrientations_iPad = "UIInterfaceOrientationPortrait UIInterfaceOrientationPortraitUpsideDown UIInterfaceOrientationLandscapeLeft UIInterfaceOrientationLandscapeRight";
				INFOPLIST_KEY_UISupportedInterfaceOrientations_iPhone = "UIInterfaceOrientationPortrait UIInterfaceOrientationLandscapeLeft UIInterfaceOrientationLandscapeRight";
				LD_RUNPATH_SEARCH_PATHS = (
					"$(inherited)",
					"@executable_path/Frameworks",
				);
				MARKETING_VERSION = 1.0;
				PRODUCT_BUNDLE_IDENTIFIER = com.amarixdev.WordHarvest;
				PRODUCT_NAME = "$(TARGET_NAME)";
				SWIFT_EMIT_LOC_STRINGS = YES;
				SWIFT_VERSION = 5.0;
				TARGETED_DEVICE_FAMILY = "1,2";
			};
			name = Release;
		};
/* End XCBuildConfiguration section */

/* Begin XCConfigurationList section */
		A3149ACE2B5F519F00287E1B /* Build configuration list for PBXProject "WordHarvest" */ = {
			isa = XCConfigurationList;
			buildConfigurations = (
				A3149ADF2B5F51A200287E1B /* Debug */,
				A3149AE02B5F51A200287E1B /* Release */,
			);
			defaultConfigurationIsVisible = 0;
			defaultConfigurationName = Release;
		};
		A3149AE12B5F51A200287E1B /* Build configuration list for PBXNativeTarget "WordHarvest" */ = {
			isa = XCConfigurationList;
			buildConfigurations = (
				A3149AE22B5F51A200287E1B /* Debug */,
				A3149AE32B5F51A200287E1B /* Release */,
			);
			defaultConfigurationIsVisible = 0;
			defaultConfigurationName = Release;
		};
/* End XCConfigurationList section */
	};
	rootObject = A3149ACB2B5F519F00287E1B /* Project object */;
}
